SITE
  remote: http://community.opscode.com/api/v1
  specs:
    apt (1.8.0)
    build-essential (1.3.2)
    chef-client (2.1.6)
    chef_handler (1.1.4)
    dmg (1.1.0)
    git (2.1.2)
      build-essential (>= 0.0.0)
      dmg (>= 0.0.0)
      runit (>= 0.0.0)
      windows (>= 0.0.0)
      yum (>= 0.0.0)
    mongodb (0.11.0)
      apt (>= 0.0.0)
    runit (0.16.2)
    windows (1.7.0)
      chef_handler (>= 0.0.0)
    yum (2.1.0)
    zsh (1.0.0)

GIT
  remote: git://github.com/arkency/ruby-build-cookbook.git
  ref: master
  sha: 32d276ee5bf95263dbaf24f57b220a606e41a4ae
  specs:
    ruby-build (0.2.0)

GIT
  remote: git://github.com/leifg/cookbooks
  ref: master
  sha: 3dbea3e9d647831c732d0f390e324614fe82a0f0
  specs:
    bootstrap (0.0.1)
      git (>= 0.0.0)
      zsh (>= 0.0.0)

GIT
  remote: git://github.com/leifg/marozi-cookbooks
  ref: master
  sha: 82dc52f01e2fe5f1c1d8eb450ddf45616482f7ea
  specs:
    ruby (0.0.1)
      ruby-build (>= 0.0.0)

DEPENDENCIES
  bootstrap (>= 0)
  build-essential (>= 0)
  chef-client (>= 0)
  git (>= 0)
  mongodb (>= 0)
  ruby (>= 0)
  ruby-build (>= 0)
  zsh (>= 0)

